Microsoft Visual Studio Solution File, Format Version 12.00
# Visual Studio Version 17
VisualStudioVersion = 17.5.2.0
MinimumVisualStudioVersion = 10.0.40219.1
Project("{FAE04EC0-301F-11D3-BF4B-00C04F79EFBC}") = "week_1", "Week_1\week_1.csproj", "{E731A053-1420-C136-44FB-8DABEAB3A01F}"
EndProject
Global
	GlobalSection(SolutionConfigurationPlatforms) = preSolution
		Debug|Any CPU = Debug|Any CPU
		Release|Any CPU = Release|Any CPU
	EndGlobalSection
	GlobalSection(ProjectConfigurationPlatforms) = postSolution
		{E731A053-1420-C136-44FB-8DABEAB3A01F}.Debug|Any CPU.ActiveCfg = Debug|Any CPU
		{E731A053-1420-C136-44FB-8DABEAB3A01F}.Debug|Any CPU.Build.0 = Debug|Any CPU
		{E731A053-1420-C136-44FB-8DABEAB3A01F}.Release|Any CPU.ActiveCfg = Release|Any CPU
		{E731A053-1420-C136-44FB-8DABEAB3A01F}.Release|Any CPU.Build.0 = Release|Any CPU
	EndGlobalSection
	GlobalSection(SolutionProperties) = preSolution
		HideSolutionNode = FALSE
	EndGlobalSection
	GlobalSection(ExtensibilityGlobals) = postSolution
		SolutionGuid = {40E882A8-7236-461C-980B-203CAF6217C3}
	EndGlobalSection
EndGlobal
