Microsoft Visual Studio Solution File, Format Version 12.00
# Visual Studio Version 17
VisualStudioVersion = 17.5.2.0
MinimumVisualStudioVersion = 10.0.40219.1
Project("{FAE04EC0-301F-11D3-BF4B-00C04F79EFBC}") = "ChatApplication", "ChatApplication\ChatApplication.csproj", "{C1C94495-2AF6-CD9B-CC13-71F352F5637A}"
EndProject
Global
	GlobalSection(SolutionConfigurationPlatforms) = preSolution
		Debug|Any CPU = Debug|Any CPU
		Release|Any CPU = Release|Any CPU
	EndGlobalSection
	GlobalSection(ProjectConfigurationPlatforms) = postSolution
		{C1C94495-2AF6-CD9B-CC13-71F352F5637A}.Debug|Any CPU.ActiveCfg = Debug|Any CPU
		{C1C94495-2AF6-CD9B-CC13-71F352F5637A}.Debug|Any CPU.Build.0 = Debug|Any CPU
		{C1C94495-2AF6-CD9B-CC13-71F352F5637A}.Release|Any CPU.ActiveCfg = Release|Any CPU
		{C1C94495-2AF6-CD9B-CC13-71F352F5637A}.Release|Any CPU.Build.0 = Release|Any CPU
	EndGlobalSection
	GlobalSection(SolutionProperties) = preSolution
		HideSolutionNode = FALSE
	EndGlobalSection
	GlobalSection(ExtensibilityGlobals) = postSolution
		SolutionGuid = {03264E3F-D909-4F4B-B5FF-047AC85C606D}
	EndGlobalSection
EndGlobal
